{
  "requires": true,
  "lockfileVersion": 1,
  "dependencies": {
    "lodash": {
      "version": "4.17.21",
      "resolved": "https://registry.npmjs.org/lodash/-/lodash-4.17.21.tgz",
      "integrity": "sha512-v2kDEe57lecTulaDIuNTPy3Ry4gLGJ6Z1O3vE1krgXZNrsQ+LFTGHVxVjcXPs17LhbZVGedAJv8XZ1tvj5FvSg=="
    },
    "vue-cli-plugin-bootstrap-vue": {
      "version": "0.8.2",
      "resolved": "https://registry.npmjs.org/vue-cli-plugin-bootstrap-vue/-/vue-cli-plugin-bootstrap-vue-0.8.2.tgz",
      "integrity": "sha512-PnWIioKYvfV45qsaZarBdrOSZCbKp8sisGp6KfBvTfSl2htHh7Ig7A40Lqqk3WadsSheZWF2fVvo9Dyz29G3vw==",
      "dev": true,
      "requires": {
        "lodash": "^4.17.21"
      }
    }
  }
}
